
Microsoft Visual Studio Solution File, Format Version 12.00
# Visual Studio Version 17
VisualStudioVersion = 17.9.34902.65
MinimumVisualStudioVersion = 10.0.40219.1
Project("{FAE04EC0-301F-11D3-BF4B-00C04F79EFBC}") = "CoreDepartman", "CoreDepartman\CoreDepartman.csproj", "{0121B758-EA75-4307-B1C2-EC0CCA79D54B}"
EndProject
Global
	GlobalSection(SolutionConfigurationPlatforms) = preSolution
		Debug|Any CPU = Debug|Any CPU
		Release|Any CPU = Release|Any CPU
	EndGlobalSection
	GlobalSection(ProjectConfigurationPlatforms) = postSolution
		{0121B758-EA75-4307-B1C2-EC0CCA79D54B}.Debug|Any CPU.ActiveCfg = Debug|Any CPU
		{0121B758-EA75-4307-B1C2-EC0CCA79D54B}.Debug|Any CPU.Build.0 = Debug|Any CPU
		{0121B758-EA75-4307-B1C2-EC0CCA79D54B}.Release|Any CPU.ActiveCfg = Release|Any CPU
		{0121B758-EA75-4307-B1C2-EC0CCA79D54B}.Release|Any CPU.Build.0 = Release|Any CPU
	EndGlobalSection
	GlobalSection(SolutionProperties) = preSolution
		HideSolutionNode = FALSE
	EndGlobalSection
	GlobalSection(ExtensibilityGlobals) = postSolution
		SolutionGuid = {394AC39D-2080-47D2-9F67-376169196DC8}
	EndGlobalSection
EndGlobal
